
Microsoft Visual Studio Solution File, Format Version 12.00
# Visual Studio Version 16
VisualStudioVersion = 16.0.29215.179
MinimumVisualStudioVersion = 10.0.40219.1
Project("{FAE04EC0-301F-11D3-BF4B-00C04F79EFBC}") = "FontTest", "FontTest\FontTest.csproj", "{0AD847B4-9522-4116-A5F9-A93256772D97}"
EndProject
Global
	GlobalSection(SolutionConfigurationPlatforms) = preSolution
		Debug|Any CPU = Debug|Any CPU
		Release|Any CPU = Release|Any CPU
	EndGlobalSection
	GlobalSection(ProjectConfigurationPlatforms) = postSolution
		{0AD847B4-9522-4116-A5F9-A93256772D97}.Debug|Any CPU.ActiveCfg = Debug|Any CPU
		{0AD847B4-9522-4116-A5F9-A93256772D97}.Debug|Any CPU.Build.0 = Debug|Any CPU
		{0AD847B4-9522-4116-A5F9-A93256772D97}.Release|Any CPU.ActiveCfg = Release|Any CPU
		{0AD847B4-9522-4116-A5F9-A93256772D97}.Release|Any CPU.Build.0 = Release|Any CPU
	EndGlobalSection
	GlobalSection(SolutionProperties) = preSolution
		HideSolutionNode = FALSE
	EndGlobalSection
	GlobalSection(ExtensibilityGlobals) = postSolution
		SolutionGuid = {1D0CC7D4-AD2C-4190-A50B-7BA25D9288A2}
	EndGlobalSection
EndGlobal
